
Microsoft Visual Studio Solution File, Format Version 12.00
# Visual Studio Version 17
VisualStudioVersion = 17.5.002.0
MinimumVisualStudioVersion = 10.0.40219.1
Project("{9A19103F-16F7-4668-BE54-9A1E7A4F7556}") = "Project", "Project.csproj", "{DA3F5B14-430F-403C-82BA-082C2791D0DF}"
EndProject
Global
	GlobalSection(SolutionConfigurationPlatforms) = preSolution
		Debug|Any CPU = Debug|Any CPU
		Release|Any CPU = Release|Any CPU
	EndGlobalSection
	GlobalSection(ProjectConfigurationPlatforms) = postSolution
		{DA3F5B14-430F-403C-82BA-082C2791D0DF}.Debug|Any CPU.ActiveCfg = Debug|Any CPU
		{DA3F5B14-430F-403C-82BA-082C2791D0DF}.Debug|Any CPU.Build.0 = Debug|Any CPU
		{DA3F5B14-430F-403C-82BA-082C2791D0DF}.Release|Any CPU.ActiveCfg = Release|Any CPU
		{DA3F5B14-430F-403C-82BA-082C2791D0DF}.Release|Any CPU.Build.0 = Release|Any CPU
	EndGlobalSection
	GlobalSection(SolutionProperties) = preSolution
		HideSolutionNode = FALSE
	EndGlobalSection
	GlobalSection(ExtensibilityGlobals) = postSolution
		SolutionGuid = {9B6746CE-CCCA-410C-896D-663D73CC4BE1}
	EndGlobalSection
EndGlobal
